// !$*UTF8*$!
{
	archiveVersion = 1;
	classes = {
	};
	objectVersion = 48;
	objects = {

/* Begin PBXBuildFile section */
		EC19BA261FE085660024DE98 /* AppDelegate.swift in Sources */ = {isa = PBXBuildFile; fileRef = EC19BA251FE085660024DE98 /* AppDelegate.swift */; };
		EC19BA281FE085660024DE98 /* ViewController.swift in Sources */ = {isa = PBXBuildFile; fileRef = EC19BA271FE085660024DE98 /* ViewController.swift */; };
		EC19BA2B1FE085660024DE98 /* Main.storyboard in Resources */ = {isa = PBXBuildFile; fileRef = EC19BA291FE085660024DE98 /* Main.storyboard */; };
		EC19BA2E1FE085660024DE98 /* FunctionalTableView.xcdatamodeld in Sources */ = {isa = PBXBuildFile; fileRef = EC19BA2C1FE085660024DE98 /* FunctionalTableView.xcdatamodeld */; };
		EC19BA301FE085660024DE98 /* Assets.xcassets in Resources */ = {isa = PBXBuildFile; fileRef = EC19BA2F1FE085660024DE98 /* Assets.xcassets */; };
		EC19BA331FE085660024DE98 /* LaunchScreen.storyboard in Resources */ = {isa = PBXBuildFile; fileRef = EC19BA311FE085660024DE98 /* LaunchScreen.storyboard */; };
		EC19BA3B1FE085D80024DE98 /* TableDataSource.swift in Sources */ = {isa = PBXBuildFile; fileRef = EC19BA3A1FE085D80024DE98 /* TableDataSource.swift */; };
/* End PBXBuildFile section */

/* Begin PBXFileReference section */
		EC19BA221FE085660024DE98 /* FunctionalTableView.app */ = {isa = PBXFileReference; explicitFileType = wrapper.application; includeInIndex = 0; path = FunctionalTableView.app; sourceTree = BUILT_PRODUCTS_DIR; };
		EC19BA251FE085660024DE98 /* AppDelegate.swift */ = {isa = PBXFileReference; lastKnownFileType = sourcecode.swift; path = AppDelegate.swift; sourceTree = "<group>"; };
		EC19BA271FE085660024DE98 /* ViewController.swift */ = {isa = PBXFileReference; lastKnownFileType = sourcecode.swift; path = ViewController.swift; sourceTree = "<group>"; };
		EC19BA2A1FE085660024DE98 /* Base */ = {isa = PBXFileReference; lastKnownFileType = file.storyboard; name = Base; path = Base.lproj/Main.storyboard; sourceTree = "<group>"; };
		EC19BA2D1FE085660024DE98 /* FunctionalTableView.xcdatamodel */ = {isa = PBXFileReference; lastKnownFileType = wrapper.xcdatamodel; path = FunctionalTableView.xcdatamodel; sourceTree = "<group>"; };
		EC19BA2F1FE085660024DE98 /* Assets.xcassets */ = {isa = PBXFileReference; lastKnownFileType = folder.assetcatalog; path = Assets.xcassets; sourceTree = "<group>"; };
		EC19BA321FE085660024DE98 /* Base */ = {isa = PBXFileReference; lastKnownFileType = file.storyboard; name = Base; path = Base.lproj/LaunchScreen.storyboard; sourceTree = "<group>"; };
		EC19BA341FE085660024DE98 /* Info.plist */ = {isa = PBXFileReference; lastKnownFileType = text.plist.xml; path = Info.plist; sourceTree = "<group>"; };
		EC19BA3A1FE085D80024DE98 /* TableDataSource.swift */ = {isa = PBXFileReference; lastKnownFileType = sourcecode.swift; path = TableDataSource.swift; sourceTree = "<group>"; };
/* End PBXFileReference section */

/* Begin PBXFrameworksBuildPhase section */
		EC19BA1F1FE085660024DE98 /* Frameworks */ = {
			isa = PBXFrameworksBuildPhase;
			buildActionMask = 2147483647;
			files = (
			);
			runOnlyForDeploymentPostprocessing = 0;
		};
/* End PBXFrameworksBuildPhase section */

/* Begin PBXGroup section */
		EC19BA191FE085660024DE98 = {
			isa = PBXGroup;
			children = (
				EC19BA241FE085660024DE98 /* FunctionalTableView */,
				EC19BA231FE085660024DE98 /* Products */,
			);
			sourceTree = "<group>";
		};
		EC19BA231FE085660024DE98 /* Products */ = {
			isa = PBXGroup;
			children = (
				EC19BA221FE085660024DE98 /* FunctionalTableView.app */,
			);
			name = Products;
			sourceTree = "<group>";
		};
		EC19BA241FE085660024DE98 /* FunctionalTableView */ = {
			isa = PBXGroup;
			children = (
				EC19BA251FE085660024DE98 /* AppDelegate.swift */,
				EC19BA3A1FE085D80024DE98 /* TableDataSource.swift */,
				EC19BA271FE085660024DE98 /* ViewController.swift */,
				EC19BA291FE085660024DE98 /* Main.storyboard */,
				EC19BA2F1FE085660024DE98 /* Assets.xcassets */,
				EC19BA311FE085660024DE98 /* LaunchScreen.storyboard */,
				EC19BA341FE085660024DE98 /* Info.plist */,
				EC19BA2C1FE085660024DE98 /* FunctionalTableView.xcdatamodeld */,
			);
			path = FunctionalTableView;
			sourceTree = "<group>";
		};
/* End PBXGroup section */

/* Begin PBXNativeTarget section */
		EC19BA211FE085660024DE98 /* FunctionalTableView */ = {
			isa = PBXNativeTarget;
			buildConfigurationList = EC19BA371FE085660024DE98 /* Build configuration list for PBXNativeTarget "FunctionalTableView" */;
			buildPhases = (
				EC19BA1E1FE085660024DE98 /* Sources */,
				EC19BA1F1FE085660024DE98 /* Frameworks */,
				EC19BA201FE085660024DE98 /* Resources */,
			);
			buildRules = (
			);
			dependencies = (
			);
			name = FunctionalTableView;
			productName = FunctionalTableView;
			productReference = EC19BA221FE085660024DE98 /* FunctionalTableView.app */;
			productType = "com.apple.product-type.application";
		};
/* End PBXNativeTarget section */

/* Begin PBXProject section */
		EC19BA1A1FE085660024DE98 /* Project object */ = {
			isa = PBXProject;
			attributes = {
				LastSwiftUpdateCheck = 0900;
				LastUpgradeCheck = 0900;
				ORGANIZATIONNAME = "App Solutions";
				TargetAttributes = {
					EC19BA211FE085660024DE98 = {
						CreatedOnToolsVersion = 9.0;
						ProvisioningStyle = Automatic;
					};
				};
			};
			buildConfigurationList = EC19BA1D1FE085660024DE98 /* Build configuration list for PBXProject "FunctionalTableView" */;
			compatibilityVersion = "Xcode 8.0";
			developmentRegion = en;
			hasScannedForEncodings = 0;
			knownRegions = (
				en,
				Base,
			);
			mainGroup = EC19BA191FE085660024DE98;
			productRefGroup = EC19BA231FE085660024DE98 /* Products */;
			projectDirPath = "";
			projectRoot = "";
			targets = (
				EC19BA211FE085660024DE98 /* FunctionalTableView */,
			);
		};
/* End PBXProject section */

/* Begin PBXResourcesBuildPhase section */
		EC19BA201FE085660024DE98 /* Resources */ = {
			isa = PBXResourcesBuildPhase;
			buildActionMask = 2147483647;
			files = (
				EC19BA331FE085660024DE98 /* LaunchScreen.storyboard in Resources */,
				EC19BA301FE085660024DE98 /* Assets.xcassets in Resources */,
				EC19BA2B1FE085660024DE98 /* Main.storyboard in Resources */,
			);
			runOnlyForDeploymentPostprocessing = 0;
		};
/* End PBXResourcesBuildPhase section */

/* Begin PBXSourcesBuildPhase section */
		EC19BA1E1FE085660024DE98 /* Sources */ = {
			isa = PBXSourcesBuildPhase;
			buildActionMask = 2147483647;
			files = (
				EC19BA281FE085660024DE98 /* ViewController.swift in Sources */,
				EC19BA2E1FE085660024DE98 /* FunctionalTableView.xcdatamodeld in Sources */,
				EC19BA261FE085660024DE98 /* AppDelegate.swift in Sources */,
				EC19BA3B1FE085D80024DE98 /* TableDataSource.swift in Sources */,
			);
			runOnlyForDeploymentPostprocessing = 0;
		};
/* End PBXSourcesBuildPhase section */

/* Begin PBXVariantGroup section */
		EC19BA291FE085660024DE98 /* Main.storyboard */ = {
			isa = PBXVariantGroup;
			children = (
				EC19BA2A1FE085660024DE98 /* Base */,
			);
			name = Main.storyboard;
			sourceTree = "<group>";
		};
		EC19BA311FE085660024DE98 /* LaunchScreen.storyboard */ = {
			isa = PBXVariantGroup;
			children = (
				EC19BA321FE085660024DE98 /* Base */,
			);
			name = LaunchScreen.storyboard;
			sourceTree = "<group>";
		};
/* End PBXVariantGroup section */

/* Begin XCBuildConfiguration section */
		EC19BA351FE085660024DE98 /* Debug */ = {
			isa = XCBuildConfiguration;
			buildSettings = {
				ALWAYS_SEARCH_USER_PATHS = NO;
				CLANG_ANALYZER_NONNULL = YES;
				CLANG_ANALYZER_NUMBER_OBJECT_CONVERSION = YES_AGGRESSIVE;
				CLANG_CXX_LANGUAGE_STANDARD = "gnu++14";
				CLANG_CXX_LIBRARY = "libc++";
				CLANG_ENABLE_MODULES = YES;
				CLANG_ENABLE_OBJC_ARC = YES;
				CLANG_WARN_BLOCK_CAPTURE_AUTORELEASING = YES;
				CLANG_WARN_BOOL_CONVERSION = YES;
				CLANG_WARN_COMMA = YES;
				CLANG_WARN_CONSTANT_CONVERSION = YES;
				CLANG_WARN_DIRECT_OBJC_ISA_USAGE = YES_ERROR;
				CLANG_WARN_DOCUMENTATION_COMMENTS = YES;
				CLANG_WARN_EMPTY_BODY = YES;
				CLANG_WARN_ENUM_CONVERSION = YES;
				CLANG_WARN_INFINITE_RECURSION = YES;
				CLANG_WARN_INT_CONVERSION = YES;
				CLANG_WARN_NON_LITERAL_NULL_CONVERSION = YES;
				CLANG_WARN_OBJC_LITERAL_CONVERSION = YES;
				CLANG_WARN_OBJC_ROOT_CLASS = YES_ERROR;
				CLANG_WARN_RANGE_LOOP_ANALYSIS = YES;
				CLANG_WARN_STRICT_PROTOTYPES = YES;
				CLANG_WARN_SUSPICIOUS_MOVE = YES;
				CLANG_WARN_UNGUARDED_AVAILABILITY = YES_AGGRESSIVE;
				CLANG_WARN_UNREACHABLE_CODE = YES;
				CLANG_WARN__DUPLICATE_METHOD_MATCH = YES;
				CODE_SIGN_IDENTITY = "iPhone Developer";
				COPY_PHASE_STRIP = NO;
				DEBUG_INFORMATION_FORMAT = dwarf;
				ENABLE_STRICT_OBJC_MSGSEND = YES;
				ENABLE_TESTABILITY = YES;
				GCC_C_LANGUAGE_STANDARD = gnu11;
				GCC_DYNAMIC_NO_PIC = NO;
				GCC_NO_COMMON_BLOCKS = YES;
				GCC_OPTIMIZATION_LEVEL = 0;
				GCC_PREPROCESSOR_DEFINITIONS = (
					"DEBUG=1",
					"$(inherited)",
				);
				GCC_WARN_64_TO_32_BIT_CONVERSION = YES;
				GCC_WARN_ABOUT_RETURN_TYPE = YES_ERROR;
				GCC_WARN_UNDECLARED_SELECTOR = YES;
				GCC_WARN_UNINITIALIZED_AUTOS = YES_AGGRESSIVE;
				GCC_WARN_UNUSED_FUNCTION = YES;
				GCC_WARN_UNUSED_VARIABLE = YES;
				IPHONEOS_DEPLOYMENT_TARGET = 11.0;
				MTL_ENABLE_DEBUG_INFO = YES;
				ONLY_ACTIVE_ARCH = YES;
				SDKROOT = iphoneos;
				SWIFT_ACTIVE_COMPILATION_CONDITIONS = DEBUG;
				SWIFT_OPTIMIZATION_LEVEL = "-Onone";
			};
			name = Debug;
		};
		EC19BA361FE085660024DE98 /* Release */ = {
			isa = XCBuildConfiguration;
			buildSettings = {
				ALWAYS_SEARCH_USER_PATHS = NO;
				CLANG_ANALYZER_NONNULL = YES;
				CLANG_ANALYZER_NUMBER_OBJECT_CONVERSION = YES_AGGRESSIVE;
				CLANG_CXX_LANGUAGE_STANDARD = "gnu++14";
				CLANG_CXX_LIBRARY = "libc++";
				CLANG_ENABLE_MODULES = YES;
				CLANG_ENABLE_OBJC_ARC = YES;
				CLANG_WARN_BLOCK_CAPTURE_AUTORELEASING = YES;
				CLANG_WARN_BOOL_CONVERSION = YES;
				CLANG_WARN_COMMA = YES;
				CLANG_WARN_CONSTANT_CONVERSION = YES;
				CLANG_WARN_DIRECT_OBJC_ISA_USAGE = YES_ERROR;
				CLANG_WARN_DOCUMENTATION_COMMENTS = YES;
				CLANG_WARN_EMPTY_BODY = YES;
				CLANG_WARN_ENUM_CONVERSION = YES;
				CLANG_WARN_INFINITE_RECURSION = YES;
				CLANG_WARN_INT_CONVERSION = YES;
				CLANG_WARN_NON_LITERAL_NULL_CONVERSION = YES;
				CLANG_WARN_OBJC_LITERAL_CONVERSION = YES;
				CLANG_WARN_OBJC_ROOT_CLASS = YES_ERROR;
				CLANG_WARN_RANGE_LOOP_ANALYSIS = YES;
				CLANG_WARN_STRICT_PROTOTYPES = YES;
				CLANG_WARN_SUSPICIOUS_MOVE = YES;
				CLANG_WARN_UNGUARDED_AVAILABILITY = YES_AGGRESSIVE;
				CLANG_WARN_UNREACHABLE_CODE = YES;
				CLANG_WARN__DUPLICATE_METHOD_MATCH = YES;
				CODE_SIGN_IDENTITY = "iPhone Developer";
				COPY_PHASE_STRIP = NO;
				DEBUG_INFORMATION_FORMAT = "dwarf-with-dsym";
				ENABLE_NS_ASSERTIONS = NO;
				ENABLE_STRICT_OBJC_MSGSEND = YES;
				GCC_C_LANGUAGE_STANDARD = gnu11;
				GCC_NO_COMMON_BLOCKS = YES;
				GCC_WARN_64_TO_32_BIT_CONVERSION = YES;
				GCC_WARN_ABOUT_RETURN_TYPE = YES_ERROR;
				GCC_WARN_UNDECLARED_SELECTOR = YES;
				GCC_WARN_UNINITIALIZED_AUTOS = YES_AGGRESSIVE;
				GCC_WARN_UNUSED_FUNCTION = YES;
				GCC_WARN_UNUSED_VARIABLE = YES;
				IPHONEOS_DEPLOYMENT_TARGET = 11.0;
				MTL_ENABLE_DEBUG_INFO = NO;
				SDKROOT = iphoneos;
				SWIFT_OPTIMIZATION_LEVEL = "-Owholemodule";
				VALIDATE_PRODUCT = YES;
			};
			name = Release;
		};
		EC19BA381FE085660024DE98 /* Debug */ = {
			isa = XCBuildConfiguration;
			buildSettings = {
				ASSETCATALOG_COMPILER_APPICON_NAME = AppIcon;
				CODE_SIGN_STYLE = Automatic;
				INFOPLIST_FILE = FunctionalTableView/Info.plist;
				LD_RUNPATH_SEARCH_PATHS = "$(inherited) @executable_path/Frameworks";
				PRODUCT_BUNDLE_IDENTIFIER = com.makeschool.FunctionalTableView;
				PRODUCT_NAME = "$(TARGET_NAME)";
				SWIFT_VERSION = 4.0;
				TARGETED_DEVICE_FAMILY = "1,2";
			};
			name = Debug;
		};
		EC19BA391FE085660024DE98 /* Release */ = {
			isa = XCBuildConfiguration;
			buildSettings = {
				ASSETCATALOG_COMPILER_APPICON_NAME = AppIcon;
				CODE_SIGN_STYLE = Automatic;
				INFOPLIST_FILE = FunctionalTableView/Info.plist;
				LD_RUNPATH_SEARCH_PATHS = "$(inherited) @executable_path/Frameworks";
				PRODUCT_BUNDLE_IDENTIFIER = com.makeschool.FunctionalTableView;
				PRODUCT_NAME = "$(TARGET_NAME)";
				SWIFT_VERSION = 4.0;
				TARGETED_DEVICE_FAMILY = "1,2";
			};
			name = Release;
		};
/* End XCBuildConfiguration section */

/* Begin XCConfigurationList section */
		EC19BA1D1FE085660024DE98 /* Build configuration list for PBXProject "FunctionalTableView" */ = {
			isa = XCConfigurationList;
			buildConfigurations = (
				EC19BA351FE085660024DE98 /* Debug */,
				EC19BA361FE085660024DE98 /* Release */,
			);
			defaultConfigurationIsVisible = 0;
			defaultConfigurationName = Release;
		};
		EC19BA371FE085660024DE98 /* Build configuration list for PBXNativeTarget "FunctionalTableView" */ = {
			isa = XCConfigurationList;
			buildConfigurations = (
				EC19BA381FE085660024DE98 /* Debug */,
				EC19BA391FE085660024DE98 /* Release */,
			);
			defaultConfigurationIsVisible = 0;
			defaultConfigurationName = Release;
		};
/* End XCConfigurationList section */

/* Begin XCVersionGroup section */
		EC19BA2C1FE085660024DE98 /* FunctionalTableView.xcdatamodeld */ = {
			isa = XCVersionGroup;
			children = (
				EC19BA2D1FE085660024DE98 /* FunctionalTableView.xcdatamodel */,
			);
			currentVersion = EC19BA2D1FE085660024DE98 /* FunctionalTableView.xcdatamodel */;
			path = FunctionalTableView.xcdatamodeld;
			sourceTree = "<group>";
			versionGroupType = wrapper.xcdatamodel;
		};
/* End XCVersionGroup section */
	};
	rootObject = EC19BA1A1FE085660024DE98 /* Project object */;
}
